// !$*UTF8*$!
{
	archiveVersion = 1;
	classes = {
	};
	objectVersion = 46;
	objects = {

/* Begin PBXBuildFile section */
		16FC5C62EC9BB14DA7826201 /* libPods-DayNews.a in Frameworks */ = {isa = PBXBuildFile; fileRef = 0626672FE95F0269C5EF1375 /* libPods-DayNews.a */; };
		552702841F234E8600FF1908 /* YQTabBarController.m in Sources */ = {isa = PBXBuildFile; fileRef = 552702681F234E8600FF1908 /* YQTabBarController.m */; };
		552702851F234E8600FF1908 /* YQNavigationController.m in Sources */ = {isa = PBXBuildFile; fileRef = 5527026A1F234E8600FF1908 /* YQNavigationController.m */; };
		552702861F234E8600FF1908 /* YQVideoViewController.m in Sources */ = {isa = PBXBuildFile; fileRef = 552702701F234E8600FF1908 /* YQVideoViewController.m */; };
		552702871F234E8600FF1908 /* YQPictureViewController.m in Sources */ = {isa = PBXBuildFile; fileRef = 552702761F234E8600FF1908 /* YQPictureViewController.m */; };
		552702881F234E8600FF1908 /* YQMeViewController.m in Sources */ = {isa = PBXBuildFile; fileRef = 5527027C1F234E8600FF1908 /* YQMeViewController.m */; };
		552702891F234E8600FF1908 /* YQNewsViewController.m in Sources */ = {isa = PBXBuildFile; fileRef = 552702821F234E8600FF1908 /* YQNewsViewController.m */; };
		5527028C1F2350D700FF1908 /* YQHeaderView.m in Sources */ = {isa = PBXBuildFile; fileRef = 5527028B1F2350D700FF1908 /* YQHeaderView.m */; };
		5527028E1F2350E500FF1908 /* YQHeaderView.xib in Resources */ = {isa = PBXBuildFile; fileRef = 5527028D1F2350E500FF1908 /* YQHeaderView.xib */; };
		554726001F4EB1D4002D2E9A /* YQRequestTool.m in Sources */ = {isa = PBXBuildFile; fileRef = 554725FF1F4EB1D4002D2E9A /* YQRequestTool.m */; };
		5584A7591F554B6300D06BD0 /* UIBarButtonItem+YQExtension.m in Sources */ = {isa = PBXBuildFile; fileRef = 5584A7581F554B6300D06BD0 /* UIBarButtonItem+YQExtension.m */; };
		5584A75C1F55576B00D06BD0 /* NSString+YQExtension.m in Sources */ = {isa = PBXBuildFile; fileRef = 5584A75B1F55576B00D06BD0 /* NSString+YQExtension.m */; };
		5584A75F1F555D6000D06BD0 /* YQShowItemView.m in Sources */ = {isa = PBXBuildFile; fileRef = 5584A75E1F555D6000D06BD0 /* YQShowItemView.m */; };
		55B2C64C1F30A0BA00E25928 /* YQVideoHeaderView.m in Sources */ = {isa = PBXBuildFile; fileRef = 55B2C64B1F30A0BA00E25928 /* YQVideoHeaderView.m */; };
		55B2C64F1F30A60A00E25928 /* YQVerticalButton.m in Sources */ = {isa = PBXBuildFile; fileRef = 55B2C64E1F30A60A00E25928 /* YQVerticalButton.m */; };
		55B4E2EE1F1F59A3009DF7BA /* main.m in Sources */ = {isa = PBXBuildFile; fileRef = 55B4E2ED1F1F59A3009DF7BA /* main.m */; };
		55B4E2F11F1F59A3009DF7BA /* AppDelegate.m in Sources */ = {isa = PBXBuildFile; fileRef = 55B4E2F01F1F59A3009DF7BA /* AppDelegate.m */; };
		55B4E2F91F1F59A3009DF7BA /* Assets.xcassets in Resources */ = {isa = PBXBuildFile; fileRef = 55B4E2F81F1F59A3009DF7BA /* Assets.xcassets */; };
		55B4E3071F1F59A3009DF7BA /* DayNewsTests.m in Sources */ = {isa = PBXBuildFile; fileRef = 55B4E3061F1F59A3009DF7BA /* DayNewsTests.m */; };
		55B4E3121F1F59A3009DF7BA /* DayNewsUITests.m in Sources */ = {isa = PBXBuildFile; fileRef = 55B4E3111F1F59A3009DF7BA /* DayNewsUITests.m */; };
		55B7CCDA1F36E13100451745 /* YQVideoData.m in Sources */ = {isa = PBXBuildFile; fileRef = 55B7CCD91F36E13100451745 /* YQVideoData.m */; };
		55B7CCDE1F36E17800451745 /* YQVideoTableViewCell.m in Sources */ = {isa = PBXBuildFile; fileRef = 55B7CCDC1F36E17800451745 /* YQVideoTableViewCell.m */; };
		55B7CCDF1F36E17800451745 /* YQVideoTableViewCell.xib in Resources */ = {isa = PBXBuildFile; fileRef = 55B7CCDD1F36E17800451745 /* YQVideoTableViewCell.xib */; };
		55B7CE111F3835DD00451745 /* YQConst.m in Sources */ = {isa = PBXBuildFile; fileRef = 55B7CE101F3835DD00451745 /* YQConst.m */; };
		55D268FF1F57A1570085ED44 /* YQCollectionViewWaterFlowLayout.m in Sources */ = {isa = PBXBuildFile; fileRef = 55D268FE1F57A1570085ED44 /* YQCollectionViewWaterFlowLayout.m */; };
		55D269021F57F72F0085ED44 /* YQHTTPSessionManager.m in Sources */ = {isa = PBXBuildFile; fileRef = 55D269011F57F72F0085ED44 /* YQHTTPSessionManager.m */; };
		55D269051F57F8A20085ED44 /* YQPictureData.m in Sources */ = {isa = PBXBuildFile; fileRef = 55D269041F57F8A20085ED44 /* YQPictureData.m */; };
		55D269211F5837D20085ED44 /* YQPhotoItem.m in Sources */ = {isa = PBXBuildFile; fileRef = 55D269201F5837D20085ED44 /* YQPhotoItem.m */; };
		55D269231F5837DE0085ED44 /* YQPhotoItem.xib in Resources */ = {isa = PBXBuildFile; fileRef = 55D269221F5837DE0085ED44 /* YQPhotoItem.xib */; };
		55D269291F5C1C9E0085ED44 /* HMWaterflowLayout.m in Sources */ = {isa = PBXBuildFile; fileRef = 55D269281F5C1C9E0085ED44 /* HMWaterflowLayout.m */; };
		55D833101F514F5C00AA580B /* NSDate+YQExtension.m in Sources */ = {isa = PBXBuildFile; fileRef = 55D8330F1F514F5C00AA580B /* NSDate+YQExtension.m */; };
		55D833261F526B8700AA580B /* YQFullViewController.m in Sources */ = {isa = PBXBuildFile; fileRef = 55D833251F526B8700AA580B /* YQFullViewController.m */; };
		55D833311F52F47F00AA580B /* YQRefreshGifController.m in Sources */ = {isa = PBXBuildFile; fileRef = 55D833301F52F47F00AA580B /* YQRefreshGifController.m */; };
		55E700FB1F28CD3100397EAB /* UIView+YQExtension.m in Sources */ = {isa = PBXBuildFile; fileRef = 55E700FA1F28CD3100397EAB /* UIView+YQExtension.m */; };
		55E701041F2A1D8200397EAB /* YQSocialViewController.m in Sources */ = {isa = PBXBuildFile; fileRef = 55E701031F2A1D8200397EAB /* YQSocialViewController.m */; };
		55EE8DA01F4FFD59003FEE90 /* YQPlayerView.m in Sources */ = {isa = PBXBuildFile; fileRef = 55EE8D9F1F4FFD59003FEE90 /* YQPlayerView.m */; };
		55EE8DA21F4FFD68003FEE90 /* YQPlayerView.xib in Resources */ = {isa = PBXBuildFile; fileRef = 55EE8DA11F4FFD68003FEE90 /* YQPlayerView.xib */; };
/* End PBXBuildFile section */

/* Begin PBXContainerItemProxy section */
		55B4E3031F1F59A3009DF7BA /* PBXContainerItemProxy */ = {
			isa = PBXContainerItemProxy;
			containerPortal = 55B4E2E11F1F59A3009DF7BA /* Project object */;
			proxyType = 1;
			remoteGlobalIDString = 55B4E2E81F1F59A3009DF7BA;
			remoteInfo = DayNews;
		};
		55B4E30E1F1F59A3009DF7BA /* PBXContainerItemProxy */ = {
			isa = PBXContainerItemProxy;
			containerPortal = 55B4E2E11F1F59A3009DF7BA /* Project object */;
			proxyType = 1;
			remoteGlobalIDString = 55B4E2E81F1F59A3009DF7BA;
			remoteInfo = DayNews;
		};
/* End PBXContainerItemProxy section */

/* Begin PBXFileReference section */
		0626672FE95F0269C5EF1375 /* libPods-DayNews.a */ = {isa = PBXFileReference; explicitFileType = archive.ar; includeInIndex = 0; path = "libPods-DayNews.a"; sourceTree = BUILT_PRODUCTS_DIR; };
		362FEBC9DF534E86E2114BD0 /* Pods-DayNews.release.xcconfig */ = {isa = PBXFileReference; includeInIndex = 1; lastKnownFileType = text.xcconfig; name = "Pods-DayNews.release.xcconfig"; path = "Pods/Target Support Files/Pods-DayNews/Pods-DayNews.release.xcconfig"; sourceTree = "<group>"; };
		552702671F234E8600FF1908 /* YQTabBarController.h */ = {isa = PBXFileReference; fileEncoding = 4; lastKnownFileType = sourcecode.c.h; path = YQTabBarController.h; sourceTree = "<group>"; };
		552702681F234E8600FF1908 /* YQTabBarController.m */ = {isa = PBXFileReference; fileEncoding = 4; lastKnownFileType = sourcecode.c.objc; path = YQTabBarController.m; sourceTree = "<group>"; };
		552702691F234E8600FF1908 /* YQNavigationController.h */ = {isa = PBXFileReference; fileEncoding = 4; lastKnownFileType = sourcecode.c.h; path = YQNavigationController.h; sourceTree = "<group>"; };
		5527026A1F234E8600FF1908 /* YQNavigationController.m */ = {isa = PBXFileReference; fileEncoding = 4; lastKnownFileType = sourcecode.c.objc; path = YQNavigationController.m; sourceTree = "<group>"; };
		5527026F1F234E8600FF1908 /* YQVideoViewController.h */ = {isa = PBXFileReference; fileEncoding = 4; lastKnownFileType = sourcecode.c.h; path = YQVideoViewController.h; sourceTree = "<group>"; };
		552702701F234E8600FF1908 /* YQVideoViewController.m */ = {isa = PBXFileReference; fileEncoding = 4; lastKnownFileType = sourcecode.c.objc; path = YQVideoViewController.m; sourceTree = "<group>"; };
		552702751F234E8600FF1908 /* YQPictureViewController.h */ = {isa = PBXFileReference; fileEncoding = 4; lastKnownFileType = sourcecode.c.h; path = YQPictureViewController.h; sourceTree = "<group>"; };
		552702761F234E8600FF1908 /* YQPictureViewController.m */ = {isa = PBXFileReference; fileEncoding = 4; lastKnownFileType = sourcecode.c.objc; path = YQPictureViewController.m; sourceTree = "<group>"; };
		5527027B1F234E8600FF1908 /* YQMeViewController.h */ = {isa = PBXFileReference; fileEncoding = 4; lastKnownFileType = sourcecode.c.h; path = YQMeViewController.h; sourceTree = "<group>"; };
		5527027C1F234E8600FF1908 /* YQMeViewController.m */ = {isa = PBXFileReference; fileEncoding = 4; lastKnownFileType = sourcecode.c.objc; path = YQMeViewController.m; sourceTree = "<group>"; };
		552702811F234E8600FF1908 /* YQNewsViewController.h */ = {isa = PBXFileReference; fileEncoding = 4; lastKnownFileType = sourcecode.c.h; path = YQNewsViewController.h; sourceTree = "<group>"; };
		552702821F234E8600FF1908 /* YQNewsViewController.m */ = {isa = PBXFileReference; fileEncoding = 4; lastKnownFileType = sourcecode.c.objc; path = YQNewsViewController.m; sourceTree = "<group>"; };
		5527028A1F2350D700FF1908 /* YQHeaderView.h */ = {isa = PBXFileReference; fileEncoding = 4; lastKnownFileType = sourcecode.c.h; path = YQHeaderView.h; sourceTree = "<group>"; };
		5527028B1F2350D700FF1908 /* YQHeaderView.m */ = {isa = PBXFileReference; fileEncoding = 4; lastKnownFileType = sourcecode.c.objc; path = YQHeaderView.m; sourceTree = "<group>"; };
		5527028D1F2350E500FF1908 /* YQHeaderView.xib */ = {isa = PBXFileReference; fileEncoding = 4; lastKnownFileType = file.xib; path = YQHeaderView.xib; sourceTree = "<group>"; };
		554725FE1F4EB1D4002D2E9A /* YQRequestTool.h */ = {isa = PBXFileReference; fileEncoding = 4; lastKnownFileType = sourcecode.c.h; path = YQRequestTool.h; sourceTree = "<group>"; };
		554725FF1F4EB1D4002D2E9A /* YQRequestTool.m */ = {isa = PBXFileReference; fileEncoding = 4; lastKnownFileType = sourcecode.c.objc; path = YQRequestTool.m; sourceTree = "<group>"; };
		5584A7571F554B6300D06BD0 /* UIBarButtonItem+YQExtension.h */ = {isa = PBXFileReference; fileEncoding = 4; lastKnownFileType = sourcecode.c.h; path = "UIBarButtonItem+YQExtension.h"; sourceTree = "<group>"; };
		5584A7581F554B6300D06BD0 /* UIBarButtonItem+YQExtension.m */ = {isa = PBXFileReference; fileEncoding = 4; lastKnownFileType = sourcecode.c.objc; path = "UIBarButtonItem+YQExtension.m"; sourceTree = "<group>"; };
		5584A75A1F55576B00D06BD0 /* NSString+YQExtension.h */ = {isa = PBXFileReference; fileEncoding = 4; lastKnownFileType = sourcecode.c.h; path = "NSString+YQExtension.h"; sourceTree = "<group>"; };
		5584A75B1F55576B00D06BD0 /* NSString+YQExtension.m */ = {isa = PBXFileReference; fileEncoding = 4; lastKnownFileType = sourcecode.c.objc; path = "NSString+YQExtension.m"; sourceTree = "<group>"; };
		5584A75D1F555D6000D06BD0 /* YQShowItemView.h */ = {isa = PBXFileReference; fileEncoding = 4; lastKnownFileType = sourcecode.c.h; path = YQShowItemView.h; sourceTree = "<group>"; };
		5584A75E1F555D6000D06BD0 /* YQShowItemView.m */ = {isa = PBXFileReference; fileEncoding = 4; lastKnownFileType = sourcecode.c.objc; path = YQShowItemView.m; sourceTree = "<group>"; };
		55B2C64A1F30A0BA00E25928 /* YQVideoHeaderView.h */ = {isa = PBXFileReference; fileEncoding = 4; lastKnownFileType = sourcecode.c.h; path = YQVideoHeaderView.h; sourceTree = "<group>"; };
		55B2C64B1F30A0BA00E25928 /* YQVideoHeaderView.m */ = {isa = PBXFileReference; fileEncoding = 4; lastKnownFileType = sourcecode.c.objc; path = YQVideoHeaderView.m; sourceTree = "<group>"; };
		55B2C64D1F30A60A00E25928 /* YQVerticalButton.h */ = {isa = PBXFileReference; fileEncoding = 4; lastKnownFileType = sourcecode.c.h; path = YQVerticalButton.h; sourceTree = "<group>"; };
		55B2C64E1F30A60A00E25928 /* YQVerticalButton.m */ = {isa = PBXFileReference; fileEncoding = 4; lastKnownFileType = sourcecode.c.objc; path = YQVerticalButton.m; sourceTree = "<group>"; };
		55B4E2E91F1F59A3009DF7BA /* DayNews.app */ = {isa = PBXFileReference; explicitFileType = wrapper.application; includeInIndex = 0; path = DayNews.app; sourceTree = BUILT_PRODUCTS_DIR; };
		55B4E2ED1F1F59A3009DF7BA /* main.m */ = {isa = PBXFileReference; lastKnownFileType = sourcecode.c.objc; path = main.m; sourceTree = "<group>"; };
		55B4E2EF1F1F59A3009DF7BA /* AppDelegate.h */ = {isa = PBXFileReference; lastKnownFileType = sourcecode.c.h; name = AppDelegate.h; path = ../../../AppDelegate.h; sourceTree = "<group>"; };
		55B4E2F01F1F59A3009DF7BA /* AppDelegate.m */ = {isa = PBXFileReference; lastKnownFileType = sourcecode.c.objc; name = AppDelegate.m; path = ../../../AppDelegate.m; sourceTree = "<group>"; };
		55B4E2F81F1F59A3009DF7BA /* Assets.xcassets */ = {isa = PBXFileReference; lastKnownFileType = folder.assetcatalog; path = Assets.xcassets; sourceTree = "<group>"; };
		55B4E2FD1F1F59A3009DF7BA /* Info.plist */ = {isa = PBXFileReference; lastKnownFileType = text.plist.xml; path = Info.plist; sourceTree = "<group>"; };
		55B4E3021F1F59A3009DF7BA /* DayNewsTests.xctest */ = {isa = PBXFileReference; explicitFileType = wrapper.cfbundle; includeInIndex = 0; path = DayNewsTests.xctest; sourceTree = BUILT_PRODUCTS_DIR; };
		55B4E3061F1F59A3009DF7BA /* DayNewsTests.m */ = {isa = PBXFileReference; lastKnownFileType = sourcecode.c.objc; path = DayNewsTests.m; sourceTree = "<group>"; };
		55B4E3081F1F59A3009DF7BA /* Info.plist */ = {isa = PBXFileReference; lastKnownFileType = text.plist.xml; path = Info.plist; sourceTree = "<group>"; };
		55B4E30D1F1F59A3009DF7BA /* DayNewsUITests.xctest */ = {isa = PBXFileReference; explicitFileType = wrapper.cfbundle; includeInIndex = 0; path = DayNewsUITests.xctest; sourceTree = BUILT_PRODUCTS_DIR; };
		55B4E3111F1F59A3009DF7BA /* DayNewsUITests.m */ = {isa = PBXFileReference; lastKnownFileType = sourcecode.c.objc; path = DayNewsUITests.m; sourceTree = "<group>"; };
		55B4E3131F1F59A3009DF7BA /* Info.plist */ = {isa = PBXFileReference; lastKnownFileType = text.plist.xml; path = Info.plist; sourceTree = "<group>"; };
		55B4E3251F1F5D44009DF7BA /* PrefixHeader.pch */ = {isa = PBXFileReference; lastKnownFileType = sourcecode.c.h; name = PrefixHeader.pch; path = ../../../PrefixHeader.pch; sourceTree = "<group>"; };
		55B7CCD81F36E13100451745 /* YQVideoData.h */ = {isa = PBXFileReference; fileEncoding = 4; lastKnownFileType = sourcecode.c.h; name = YQVideoData.h; path = ../Controller/YQVideoData.h; sourceTree = "<group>"; };
		55B7CCD91F36E13100451745 /* YQVideoData.m */ = {isa = PBXFileReference; fileEncoding = 4; lastKnownFileType = sourcecode.c.objc; name = YQVideoData.m; path = ../Controller/YQVideoData.m; sourceTree = "<group>"; };
		55B7CCDB1F36E17800451745 /* YQVideoTableViewCell.h */ = {isa = PBXFileReference; fileEncoding = 4; lastKnownFileType = sourcecode.c.h; path = YQVideoTableViewCell.h; sourceTree = "<group>"; };
		55B7CCDC1F36E17800451745 /* YQVideoTableViewCell.m */ = {isa = PBXFileReference; fileEncoding = 4; lastKnownFileType = sourcecode.c.objc; path = YQVideoTableViewCell.m; sourceTree = "<group>"; };
		55B7CCDD1F36E17800451745 /* YQVideoTableViewCell.xib */ = {isa = PBXFileReference; fileEncoding = 4; lastKnownFileType = file.xib; path = YQVideoTableViewCell.xib; sourceTree = "<group>"; };
		55B7CE0F1F3835DD00451745 /* YQConst.h */ = {isa = PBXFileReference; fileEncoding = 4; lastKnownFileType = sourcecode.c.h; name = YQConst.h; path = Main/View/YQConst.h; sourceTree = "<group>"; };
		55B7CE101F3835DD00451745 /* YQConst.m */ = {isa = PBXFileReference; fileEncoding = 4; lastKnownFileType = sourcecode.c.objc; name = YQConst.m; path = Main/View/YQConst.m; sourceTree = "<group>"; };
		55D268FD1F57A1570085ED44 /* YQCollectionViewWaterFlowLayout.h */ = {isa = PBXFileReference; fileEncoding = 4; lastKnownFileType = sourcecode.c.h; path = YQCollectionViewWaterFlowLayout.h; sourceTree = "<group>"; };
		55D268FE1F57A1570085ED44 /* YQCollectionViewWaterFlowLayout.m */ = {isa = PBXFileReference; fileEncoding = 4; lastKnownFileType = sourcecode.c.objc; path = YQCollectionViewWaterFlowLayout.m; sourceTree = "<group>"; };
		55D269001F57F72F0085ED44 /* YQHTTPSessionManager.h */ = {isa = PBXFileReference; fileEncoding = 4; lastKnownFileType = sourcecode.c.h; path = YQHTTPSessionManager.h; sourceTree = "<group>"; };
		55D269011F57F72F0085ED44 /* YQHTTPSessionManager.m */ = {isa = PBXFileReference; fileEncoding = 4; lastKnownFileType = sourcecode.c.objc; path = YQHTTPSessionManager.m; sourceTree = "<group>"; };
		55D269031F57F8A20085ED44 /* YQPictureData.h */ = {isa = PBXFileReference; fileEncoding = 4; lastKnownFileType = sourcecode.c.h; path = YQPictureData.h; sourceTree = "<group>"; };
		55D269041F57F8A20085ED44 /* YQPictureData.m */ = {isa = PBXFileReference; fileEncoding = 4; lastKnownFileType = sourcecode.c.objc; path = YQPictureData.m; sourceTree = "<group>"; };
		55D2691F1F5837D20085ED44 /* YQPhotoItem.h */ = {isa = PBXFileReference; fileEncoding = 4; lastKnownFileType = sourcecode.c.h; path = YQPhotoItem.h; sourceTree = "<group>"; };
		55D269201F5837D20085ED44 /* YQPhotoItem.m */ = {isa = PBXFileReference; fileEncoding = 4; lastKnownFileType = sourcecode.c.objc; path = YQPhotoItem.m; sourceTree = "<group>"; };
		55D269221F5837DE0085ED44 /* YQPhotoItem.xib */ = {isa = PBXFileReference; fileEncoding = 4; lastKnownFileType = file.xib; path = YQPhotoItem.xib; sourceTree = "<group>"; };
		55D269271F5C1C9E0085ED44 /* HMWaterflowLayout.h */ = {isa = PBXFileReference; fileEncoding = 4; lastKnownFileType = sourcecode.c.h; path = HMWaterflowLayout.h; sourceTree = "<group>"; };
		55D269281F5C1C9E0085ED44 /* HMWaterflowLayout.m */ = {isa = PBXFileReference; fileEncoding = 4; lastKnownFileType = sourcecode.c.objc; path = HMWaterflowLayout.m; sourceTree = "<group>"; };
		55D8330E1F514F5C00AA580B /* NSDate+YQExtension.h */ = {isa = PBXFileReference; fileEncoding = 4; lastKnownFileType = sourcecode.c.h; path = "NSDate+YQExtension.h"; sourceTree = "<group>"; };
		55D8330F1F514F5C00AA580B /* NSDate+YQExtension.m */ = {isa = PBXFileReference; fileEncoding = 4; lastKnownFileType = sourcecode.c.objc; path = "NSDate+YQExtension.m"; sourceTree = "<group>"; };
		55D833241F526B8700AA580B /* YQFullViewController.h */ = {isa = PBXFileReference; fileEncoding = 4; lastKnownFileType = sourcecode.c.h; path = YQFullViewController.h; sourceTree = "<group>"; };
		55D833251F526B8700AA580B /* YQFullViewController.m */ = {isa = PBXFileReference; fileEncoding = 4; lastKnownFileType = sourcecode.c.objc; path = YQFullViewController.m; sourceTree = "<group>"; };
		55D8332F1F52F47F00AA580B /* YQRefreshGifController.h */ = {isa = PBXFileReference; fileEncoding = 4; lastKnownFileType = sourcecode.c.h; path = YQRefreshGifController.h; sourceTree = "<group>"; };
		55D833301F52F47F00AA580B /* YQRefreshGifController.m */ = {isa = PBXFileReference; fileEncoding = 4; lastKnownFileType = sourcecode.c.objc; path = YQRefreshGifController.m; sourceTree = "<group>"; };
		55E700F91F28CD3100397EAB /* UIView+YQExtension.h */ = {isa = PBXFileReference; fileEncoding = 4; lastKnownFileType = sourcecode.c.h; name = "UIView+YQExtension.h"; path = "News/Controller/UIView+YQExtension.h"; sourceTree = "<group>"; };
		55E700FA1F28CD3100397EAB /* UIView+YQExtension.m */ = {isa = PBXFileReference; fileEncoding = 4; lastKnownFileType = sourcecode.c.objc; name = "UIView+YQExtension.m"; path = "News/Controller/UIView+YQExtension.m"; sourceTree = "<group>"; };
		55E701021F2A1D8200397EAB /* YQSocialViewController.h */ = {isa = PBXFileReference; fileEncoding = 4; lastKnownFileType = sourcecode.c.h; path = YQSocialViewController.h; sourceTree = "<group>"; };
		55E701031F2A1D8200397EAB /* YQSocialViewController.m */ = {isa = PBXFileReference; fileEncoding = 4; lastKnownFileType = sourcecode.c.objc; path = YQSocialViewController.m; sourceTree = "<group>"; };
		55EE8D9E1F4FFD59003FEE90 /* YQPlayerView.h */ = {isa = PBXFileReference; fileEncoding = 4; lastKnownFileType = sourcecode.c.h; path = YQPlayerView.h; sourceTree = "<group>"; };
		55EE8D9F1F4FFD59003FEE90 /* YQPlayerView.m */ = {isa = PBXFileReference; fileEncoding = 4; lastKnownFileType = sourcecode.c.objc; path = YQPlayerView.m; sourceTree = "<group>"; };
		55EE8DA11F4FFD68003FEE90 /* YQPlayerView.xib */ = {isa = PBXFileReference; fileEncoding = 4; lastKnownFileType = file.xib; path = YQPlayerView.xib; sourceTree = "<group>"; };
		FB89727612789098C3201C63 /* Pods-DayNews.debug.xcconfig */ = {isa = PBXFileReference; includeInIndex = 1; lastKnownFileType = text.xcconfig; name = "Pods-DayNews.debug.xcconfig"; path = "Pods/Target Support Files/Pods-DayNews/Pods-DayNews.debug.xcconfig"; sourceTree = "<group>"; };
/* End PBXFileReference section */

/* Begin PBXFrameworksBuildPhase section */
		55B4E2E61F1F59A3009DF7BA /* Frameworks */ = {
			isa = PBXFrameworksBuildPhase;
			buildActionMask = 2147483647;
			files = (
				16FC5C62EC9BB14DA7826201 /* libPods-DayNews.a in Frameworks */,
			);
			runOnlyForDeploymentPostprocessing = 0;
		};
		55B4E2FF1F1F59A3009DF7BA /* Frameworks */ = {
			isa = PBXFrameworksBuildPhase;
			buildActionMask = 2147483647;
			files = (
			);
			runOnlyForDeploymentPostprocessing = 0;
		};
		55B4E30A1F1F59A3009DF7BA /* Frameworks */ = {
			isa = PBXFrameworksBuildPhase;
			buildActionMask = 2147483647;
			files = (
			);
			runOnlyForDeploymentPostprocessing = 0;
		};
/* End PBXFrameworksBuildPhase section */

/* Begin PBXGroup section */
		18D495A080BC9C212B3F3731 /* Frameworks */ = {
			isa = PBXGroup;
			children = (
				0626672FE95F0269C5EF1375 /* libPods-DayNews.a */,
			);
			name = Frameworks;
			sourceTree = "<group>";
		};
		552702631F234E8600FF1908 /* classes */ = {
			isa = PBXGroup;
			children = (
				554725FD1F4EB139002D2E9A /* customTool */,
				552702641F234E8600FF1908 /* Main */,
				5527026C1F234E8600FF1908 /* Video */,
				552702721F234E8600FF1908 /* Picture */,
				552702781F234E8600FF1908 /* Me */,
				5527027E1F234E8600FF1908 /* News */,
			);
			path = classes;
			sourceTree = "<group>";
		};
		552702641F234E8600FF1908 /* Main */ = {
			isa = PBXGroup;
			children = (
				552702661F234E8600FF1908 /* Controller */,
				552702651F234E8600FF1908 /* Model */,
				5527026B1F234E8600FF1908 /* View */,
			);
			path = Main;
			sourceTree = "<group>";
		};
		552702651F234E8600FF1908 /* Model */ = {
			isa = PBXGroup;
			children = (
			);
			path = Model;
			sourceTree = "<group>";
		};
		552702661F234E8600FF1908 /* Controller */ = {
			isa = PBXGroup;
			children = (
				55B4E3251F1F5D44009DF7BA /* PrefixHeader.pch */,
				55B4E2EF1F1F59A3009DF7BA /* AppDelegate.h */,
				55B4E2F01F1F59A3009DF7BA /* AppDelegate.m */,
				552702671F234E8600FF1908 /* YQTabBarController.h */,
				552702681F234E8600FF1908 /* YQTabBarController.m */,
				552702691F234E8600FF1908 /* YQNavigationController.h */,
				5527026A1F234E8600FF1908 /* YQNavigationController.m */,
			);
			path = Controller;
			sourceTree = "<group>";
		};
		5527026B1F234E8600FF1908 /* View */ = {
			isa = PBXGroup;
			children = (
			);
			path = View;
			sourceTree = "<group>";
		};
		5527026C1F234E8600FF1908 /* Video */ = {
			isa = PBXGroup;
			children = (
				5527026E1F234E8600FF1908 /* Controller */,
				5527026D1F234E8600FF1908 /* Model */,
				552702711F234E8600FF1908 /* View */,
			);
			path = Video;
			sourceTree = "<group>";
		};
		5527026D1F234E8600FF1908 /* Model */ = {
			isa = PBXGroup;
			children = (
				55B7CCD81F36E13100451745 /* YQVideoData.h */,
				55B7CCD91F36E13100451745 /* YQVideoData.m */,
			);
			path = Model;
			sourceTree = "<group>";
		};
		5527026E1F234E8600FF1908 /* Controller */ = {
			isa = PBXGroup;
			children = (
				5527026F1F234E8600FF1908 /* YQVideoViewController.h */,
				552702701F234E8600FF1908 /* YQVideoViewController.m */,
			);
			path = Controller;
			sourceTree = "<group>";
		};
		552702711F234E8600FF1908 /* View */ = {
			isa = PBXGroup;
			children = (
				55B2C64A1F30A0BA00E25928 /* YQVideoHeaderView.h */,
				55B2C64B1F30A0BA00E25928 /* YQVideoHeaderView.m */,
				55B2C64D1F30A60A00E25928 /* YQVerticalButton.h */,
				55B2C64E1F30A60A00E25928 /* YQVerticalButton.m */,
				55B7CCDB1F36E17800451745 /* YQVideoTableViewCell.h */,
				55B7CCDC1F36E17800451745 /* YQVideoTableViewCell.m */,
				55B7CCDD1F36E17800451745 /* YQVideoTableViewCell.xib */,
				55EE8D9E1F4FFD59003FEE90 /* YQPlayerView.h */,
				55EE8D9F1F4FFD59003FEE90 /* YQPlayerView.m */,
				55EE8DA11F4FFD68003FEE90 /* YQPlayerView.xib */,
				55D833241F526B8700AA580B /* YQFullViewController.h */,
				55D833251F526B8700AA580B /* YQFullViewController.m */,
			);
			path = View;
			sourceTree = "<group>";
		};
		552702721F234E8600FF1908 /* Picture */ = {
			isa = PBXGroup;
			children = (
				552702741F234E8600FF1908 /* Controller */,
				552702731F234E8600FF1908 /* Model */,
				552702771F234E8600FF1908 /* View */,
			);
			path = Picture;
			sourceTree = "<group>";
		};
		552702731F234E8600FF1908 /* Model */ = {
			isa = PBXGroup;
			children = (
				55D268FD1F57A1570085ED44 /* YQCollectionViewWaterFlowLayout.h */,
				55D268FE1F57A1570085ED44 /* YQCollectionViewWaterFlowLayout.m */,
				55D269271F5C1C9E0085ED44 /* HMWaterflowLayout.h */,
				55D269281F5C1C9E0085ED44 /* HMWaterflowLayout.m */,
				55D269031F57F8A20085ED44 /* YQPictureData.h */,
				55D269041F57F8A20085ED44 /* YQPictureData.m */,
			);
			path = Model;
			sourceTree = "<group>";
		};
		552702741F234E8600FF1908 /* Controller */ = {
			isa = PBXGroup;
			children = (
				552702751F234E8600FF1908 /* YQPictureViewController.h */,
				552702761F234E8600FF1908 /* YQPictureViewController.m */,
			);
			path = Controller;
			sourceTree = "<group>";
		};
		552702771F234E8600FF1908 /* View */ = {
			isa = PBXGroup;
			children = (
				5584A75D1F555D6000D06BD0 /* YQShowItemView.h */,
				5584A75E1F555D6000D06BD0 /* YQShowItemView.m */,
				55D2691F1F5837D20085ED44 /* YQPhotoItem.h */,
				55D269201F5837D20085ED44 /* YQPhotoItem.m */,
				55D269221F5837DE0085ED44 /* YQPhotoItem.xib */,
			);
			path = View;
			sourceTree = "<group>";
		};
		552702781F234E8600FF1908 /* Me */ = {
			isa = PBXGroup;
			children = (
				5527027A1F234E8600FF1908 /* Controller */,
				552702791F234E8600FF1908 /* Model */,
				5527027D1F234E8600FF1908 /* View */,
			);
			path = Me;
			sourceTree = "<group>";
		};
		552702791F234E8600FF1908 /* Model */ = {
			isa = PBXGroup;
			children = (
			);
			path = Model;
			sourceTree = "<group>";
		};
		5527027A1F234E8600FF1908 /* Controller */ = {
			isa = PBXGroup;
			children = (
				5527027B1F234E8600FF1908 /* YQMeViewController.h */,
				5527027C1F234E8600FF1908 /* YQMeViewController.m */,
			);
			path = Controller;
			sourceTree = "<group>";
		};
		5527027D1F234E8600FF1908 /* View */ = {
			isa = PBXGroup;
			children = (
				5527028A1F2350D700FF1908 /* YQHeaderView.h */,
				5527028B1F2350D700FF1908 /* YQHeaderView.m */,
				5527028D1F2350E500FF1908 /* YQHeaderView.xib */,
			);
			path = View;
			sourceTree = "<group>";
		};
		5527027E1F234E8600FF1908 /* News */ = {
			isa = PBXGroup;
			children = (
				552702801F234E8600FF1908 /* Controller */,
				5527027F1F234E8600FF1908 /* Model */,
				552702831F234E8600FF1908 /* View */,
			);
			path = News;
			sourceTree = "<group>";
		};
		5527027F1F234E8600FF1908 /* Model */ = {
			isa = PBXGroup;
			children = (
			);
			path = Model;
			sourceTree = "<group>";
		};
		552702801F234E8600FF1908 /* Controller */ = {
			isa = PBXGroup;
			children = (
				552702811F234E8600FF1908 /* YQNewsViewController.h */,
				552702821F234E8600FF1908 /* YQNewsViewController.m */,
				55E701021F2A1D8200397EAB /* YQSocialViewController.h */,
				55E701031F2A1D8200397EAB /* YQSocialViewController.m */,
			);
			path = Controller;
			sourceTree = "<group>";
		};
		552702831F234E8600FF1908 /* View */ = {
			isa = PBXGroup;
			children = (
			);
			path = View;
			sourceTree = "<group>";
		};
		554725FD1F4EB139002D2E9A /* customTool */ = {
			isa = PBXGroup;
			children = (
				554725FE1F4EB1D4002D2E9A /* YQRequestTool.h */,
				554725FF1F4EB1D4002D2E9A /* YQRequestTool.m */,
				55D269001F57F72F0085ED44 /* YQHTTPSessionManager.h */,
				55D269011F57F72F0085ED44 /* YQHTTPSessionManager.m */,
				55D8330E1F514F5C00AA580B /* NSDate+YQExtension.h */,
				55D8330F1F514F5C00AA580B /* NSDate+YQExtension.m */,
				55E700F91F28CD3100397EAB /* UIView+YQExtension.h */,
				55E700FA1F28CD3100397EAB /* UIView+YQExtension.m */,
				5584A7571F554B6300D06BD0 /* UIBarButtonItem+YQExtension.h */,
				5584A7581F554B6300D06BD0 /* UIBarButtonItem+YQExtension.m */,
				5584A75A1F55576B00D06BD0 /* NSString+YQExtension.h */,
				5584A75B1F55576B00D06BD0 /* NSString+YQExtension.m */,
				55D8332F1F52F47F00AA580B /* YQRefreshGifController.h */,
				55D833301F52F47F00AA580B /* YQRefreshGifController.m */,
				55B7CE0F1F3835DD00451745 /* YQConst.h */,
				55B7CE101F3835DD00451745 /* YQConst.m */,
			);
			name = customTool;
			sourceTree = "<group>";
		};
		55B4E2E01F1F59A3009DF7BA = {
			isa = PBXGroup;
			children = (
				55B4E2EB1F1F59A3009DF7BA /* DayNews */,
				55B4E3051F1F59A3009DF7BA /* DayNewsTests */,
				55B4E3101F1F59A3009DF7BA /* DayNewsUITests */,
				55B4E2EA1F1F59A3009DF7BA /* Products */,
				CEB01275553C394589979A13 /* Pods */,
				18D495A080BC9C212B3F3731 /* Frameworks */,
			);
			sourceTree = "<group>";
		};
		55B4E2EA1F1F59A3009DF7BA /* Products */ = {
			isa = PBXGroup;
			children = (
				55B4E2E91F1F59A3009DF7BA /* DayNews.app */,
				55B4E3021F1F59A3009DF7BA /* DayNewsTests.xctest */,
				55B4E30D1F1F59A3009DF7BA /* DayNewsUITests.xctest */,
			);
			name = Products;
			sourceTree = "<group>";
		};
		55B4E2EB1F1F59A3009DF7BA /* DayNews */ = {
			isa = PBXGroup;
			children = (
				552702631F234E8600FF1908 /* classes */,
				55B4E2F81F1F59A3009DF7BA /* Assets.xcassets */,
				55B4E2FD1F1F59A3009DF7BA /* Info.plist */,
				55B4E2EC1F1F59A3009DF7BA /* Supporting Files */,
			);
			path = DayNews;
			sourceTree = "<group>";
		};
		55B4E2EC1F1F59A3009DF7BA /* Supporting Files */ = {
			isa = PBXGroup;
			children = (
				55B4E2ED1F1F59A3009DF7BA /* main.m */,
			);
			name = "Supporting Files";
			sourceTree = "<group>";
		};
		55B4E3051F1F59A3009DF7BA /* DayNewsTests */ = {
			isa = PBXGroup;
			children = (
				55B4E3061F1F59A3009DF7BA /* DayNewsTests.m */,
				55B4E3081F1F59A3009DF7BA /* Info.plist */,
			);
			path = DayNewsTests;
			sourceTree = "<group>";
		};
		55B4E3101F1F59A3009DF7BA /* DayNewsUITests */ = {
			isa = PBXGroup;
			children = (
				55B4E3111F1F59A3009DF7BA /* DayNewsUITests.m */,
				55B4E3131F1F59A3009DF7BA /* Info.plist */,
			);
			path = DayNewsUITests;
			sourceTree = "<group>";
		};
		CEB01275553C394589979A13 /* Pods */ = {
			isa = PBXGroup;
			children = (
				FB89727612789098C3201C63 /* Pods-DayNews.debug.xcconfig */,
				362FEBC9DF534E86E2114BD0 /* Pods-DayNews.release.xcconfig */,
			);
			name = Pods;
			sourceTree = "<group>";
		};
/* End PBXGroup section */

/* Begin PBXNativeTarget section */
		55B4E2E81F1F59A3009DF7BA /* DayNews */ = {
			isa = PBXNativeTarget;
			buildConfigurationList = 55B4E3161F1F59A3009DF7BA /* Build configuration list for PBXNativeTarget "DayNews" */;
			buildPhases = (
				0652A3D485F8A4FDAF2069C7 /* [CP] Check Pods Manifest.lock */,
				55B4E2E51F1F59A3009DF7BA /* Sources */,
				55B4E2E61F1F59A3009DF7BA /* Frameworks */,
				55B4E2E71F1F59A3009DF7BA /* Resources */,
				FF38A42C5F9C0F160BEF2B26 /* [CP] Embed Pods Frameworks */,
				8E0DA26144D4C6266B9DAE1D /* [CP] Copy Pods Resources */,
			);
			buildRules = (
			);
			dependencies = (
			);
			name = DayNews;
			productName = DayNews;
			productReference = 55B4E2E91F1F59A3009DF7BA /* DayNews.app */;
			productType = "com.apple.product-type.application";
		};
		55B4E3011F1F59A3009DF7BA /* DayNewsTests */ = {
			isa = PBXNativeTarget;
			buildConfigurationList = 55B4E3191F1F59A3009DF7BA /* Build configuration list for PBXNativeTarget "DayNewsTests" */;
			buildPhases = (
				55B4E2FE1F1F59A3009DF7BA /* Sources */,
				55B4E2FF1F1F59A3009DF7BA /* Frameworks */,
				55B4E3001F1F59A3009DF7BA /* Resources */,
			);
			buildRules = (
			);
			dependencies = (
				55B4E3041F1F59A3009DF7BA /* PBXTargetDependency */,
			);
			name = DayNewsTests;
			productName = DayNewsTests;
			productReference = 55B4E3021F1F59A3009DF7BA /* DayNewsTests.xctest */;
			productType = "com.apple.product-type.bundle.unit-test";
		};
		55B4E30C1F1F59A3009DF7BA /* DayNewsUITests */ = {
			isa = PBXNativeTarget;
			buildConfigurationList = 55B4E31C1F1F59A3009DF7BA /* Build configuration list for PBXNativeTarget "DayNewsUITests" */;
			buildPhases = (
				55B4E3091F1F59A3009DF7BA /* Sources */,
				55B4E30A1F1F59A3009DF7BA /* Frameworks */,
				55B4E30B1F1F59A3009DF7BA /* Resources */,
			);
			buildRules = (
			);
			dependencies = (
				55B4E30F1F1F59A3009DF7BA /* PBXTargetDependency */,
			);
			name = DayNewsUITests;
			productName = DayNewsUITests;
			productReference = 55B4E30D1F1F59A3009DF7BA /* DayNewsUITests.xctest */;
			productType = "com.apple.product-type.bundle.ui-testing";
		};
/* End PBXNativeTarget section */

/* Begin PBXProject section */
		55B4E2E11F1F59A3009DF7BA /* Project object */ = {
			isa = PBXProject;
			attributes = {
				LastUpgradeCheck = 0830;
				ORGANIZATIONNAME = "奇奇";
				TargetAttributes = {
					55B4E2E81F1F59A3009DF7BA = {
						CreatedOnToolsVersion = 8.3.3;
						DevelopmentTeam = 8346J36VY3;
						ProvisioningStyle = Automatic;
					};
					55B4E3011F1F59A3009DF7BA = {
						CreatedOnToolsVersion = 8.3.3;
						ProvisioningStyle = Automatic;
						TestTargetID = 55B4E2E81F1F59A3009DF7BA;
					};
					55B4E30C1F1F59A3009DF7BA = {
						CreatedOnToolsVersion = 8.3.3;
						ProvisioningStyle = Automatic;
						TestTargetID = 55B4E2E81F1F59A3009DF7BA;
					};
				};
			};
			buildConfigurationList = 55B4E2E41F1F59A3009DF7BA /* Build configuration list for PBXProject "DayNews" */;
			compatibilityVersion = "Xcode 3.2";
			developmentRegion = English;
			hasScannedForEncodings = 0;
			knownRegions = (
				en,
				Base,
			);
			mainGroup = 55B4E2E01F1F59A3009DF7BA;
			productRefGroup = 55B4E2EA1F1F59A3009DF7BA /* Products */;
			projectDirPath = "";
			projectRoot = "";
			targets = (
				55B4E2E81F1F59A3009DF7BA /* DayNews */,
				55B4E3011F1F59A3009DF7BA /* DayNewsTests */,
				55B4E30C1F1F59A3009DF7BA /* DayNewsUITests */,
			);
		};
/* End PBXProject section */

/* Begin PBXResourcesBuildPhase section */
		55B4E2E71F1F59A3009DF7BA /* Resources */ = {
			isa = PBXResourcesBuildPhase;
			buildActionMask = 2147483647;
			files = (
				55B4E2F91F1F59A3009DF7BA /* Assets.xcassets in Resources */,
				5527028E1F2350E500FF1908 /* YQHeaderView.xib in Resources */,
				55D269231F5837DE0085ED44 /* YQPhotoItem.xib in Resources */,
				55B7CCDF1F36E17800451745 /* YQVideoTableViewCell.xib in Resources */,
				55EE8DA21F4FFD68003FEE90 /* YQPlayerView.xib in Resources */,
			);
			runOnlyForDeploymentPostprocessing = 0;
		};
		55B4E3001F1F59A3009DF7BA /* Resources */ = {
			isa = PBXResourcesBuildPhase;
			buildActionMask = 2147483647;
			files = (
			);
			runOnlyForDeploymentPostprocessing = 0;
		};
		55B4E30B1F1F59A3009DF7BA /* Resources */ = {
			isa = PBXResourcesBuildPhase;
			buildActionMask = 2147483647;
			files = (
			);
			runOnlyForDeploymentPostprocessing = 0;
		};
/* End PBXResourcesBuildPhase section */

/* Begin PBXShellScriptBuildPhase section */
		0652A3D485F8A4FDAF2069C7 /* [CP] Check Pods Manifest.lock */ = {
			isa = PBXShellScriptBuildPhase;
			buildActionMask = 2147483647;
			files = (
			);
			inputPaths = (
			);
			name = "[CP] Check Pods Manifest.lock";
			outputPaths = (
			);
			runOnlyForDeploymentPostprocessing = 0;
			shellPath = /bin/sh;
			shellScript = "diff \"${PODS_PODFILE_DIR_PATH}/Podfile.lock\" \"${PODS_ROOT}/Manifest.lock\" > /dev/null\nif [ $? != 0 ] ; then\n    # print error to STDERR\n    echo \"error: The sandbox is not in sync with the Podfile.lock. Run 'pod install' or update your CocoaPods installation.\" >&2\n    exit 1\nfi\n";
			showEnvVarsInLog = 0;
		};
		8E0DA26144D4C6266B9DAE1D /* [CP] Copy Pods Resources */ = {
			isa = PBXShellScriptBuildPhase;
			buildActionMask = 2147483647;
			files = (
			);
			inputPaths = (
			);
			name = "[CP] Copy Pods Resources";
			outputPaths = (
			);
			runOnlyForDeploymentPostprocessing = 0;
			shellPath = /bin/sh;
			shellScript = "\"${SRCROOT}/Pods/Target Support Files/Pods-DayNews/Pods-DayNews-resources.sh\"\n";
			showEnvVarsInLog = 0;
		};
		FF38A42C5F9C0F160BEF2B26 /* [CP] Embed Pods Frameworks */ = {
			isa = PBXShellScriptBuildPhase;
			buildActionMask = 2147483647;
			files = (
			);
			inputPaths = (
			);
			name = "[CP] Embed Pods Frameworks";
			outputPaths = (
			);
			runOnlyForDeploymentPostprocessing = 0;
			shellPath = /bin/sh;
			shellScript = "\"${SRCROOT}/Pods/Target Support Files/Pods-DayNews/Pods-DayNews-frameworks.sh\"\n";
			showEnvVarsInLog = 0;
		};
/* End PBXShellScriptBuildPhase section */

/* Begin PBXSourcesBuildPhase section */
		55B4E2E51F1F59A3009DF7BA /* Sources */ = {
			isa = PBXSourcesBuildPhase;
			buildActionMask = 2147483647;
			files = (
				5584A75F1F555D6000D06BD0 /* YQShowItemView.m in Sources */,
				552702841F234E8600FF1908 /* YQTabBarController.m in Sources */,
				55E700FB1F28CD3100397EAB /* UIView+YQExtension.m in Sources */,
				55D269211F5837D20085ED44 /* YQPhotoItem.m in Sources */,
				552702881F234E8600FF1908 /* YQMeViewController.m in Sources */,
				552702871F234E8600FF1908 /* YQPictureViewController.m in Sources */,
				5584A7591F554B6300D06BD0 /* UIBarButtonItem+YQExtension.m in Sources */,
				55B7CCDE1F36E17800451745 /* YQVideoTableViewCell.m in Sources */,
				55D833261F526B8700AA580B /* YQFullViewController.m in Sources */,
				55B7CE111F3835DD00451745 /* YQConst.m in Sources */,
				55B2C64C1F30A0BA00E25928 /* YQVideoHeaderView.m in Sources */,
				552702891F234E8600FF1908 /* YQNewsViewController.m in Sources */,
				55B7CCDA1F36E13100451745 /* YQVideoData.m in Sources */,
				55D833311F52F47F00AA580B /* YQRefreshGifController.m in Sources */,
				55E701041F2A1D8200397EAB /* YQSocialViewController.m in Sources */,
				55D833101F514F5C00AA580B /* NSDate+YQExtension.m in Sources */,
				55B4E2F11F1F59A3009DF7BA /* AppDelegate.m in Sources */,
				55B2C64F1F30A60A00E25928 /* YQVerticalButton.m in Sources */,
				55D269291F5C1C9E0085ED44 /* HMWaterflowLayout.m in Sources */,
				554726001F4EB1D4002D2E9A /* YQRequestTool.m in Sources */,
				552702851F234E8600FF1908 /* YQNavigationController.m in Sources */,
				5527028C1F2350D700FF1908 /* YQHeaderView.m in Sources */,
				5584A75C1F55576B00D06BD0 /* NSString+YQExtension.m in Sources */,
				55EE8DA01F4FFD59003FEE90 /* YQPlayerView.m in Sources */,
				55D269051F57F8A20085ED44 /* YQPictureData.m in Sources */,
				55B4E2EE1F1F59A3009DF7BA /* main.m in Sources */,
				552702861F234E8600FF1908 /* YQVideoViewController.m in Sources */,
				55D269021F57F72F0085ED44 /* YQHTTPSessionManager.m in Sources */,
				55D268FF1F57A1570085ED44 /* YQCollectionViewWaterFlowLayout.m in Sources */,
			);
			runOnlyForDeploymentPostprocessing = 0;
		};
		55B4E2FE1F1F59A3009DF7BA /* Sources */ = {
			isa = PBXSourcesBuildPhase;
			buildActionMask = 2147483647;
			files = (
				55B4E3071F1F59A3009DF7BA /* DayNewsTests.m in Sources */,
			);
			runOnlyForDeploymentPostprocessing = 0;
		};
		55B4E3091F1F59A3009DF7BA /* Sources */ = {
			isa = PBXSourcesBuildPhase;
			buildActionMask = 2147483647;
			files = (
				55B4E3121F1F59A3009DF7BA /* DayNewsUITests.m in Sources */,
			);
			runOnlyForDeploymentPostprocessing = 0;
		};
/* End PBXSourcesBuildPhase section */

/* Begin PBXTargetDependency section */
		55B4E3041F1F59A3009DF7BA /* PBXTargetDependency */ = {
			isa = PBXTargetDependency;
			target = 55B4E2E81F1F59A3009DF7BA /* DayNews */;
			targetProxy = 55B4E3031F1F59A3009DF7BA /* PBXContainerItemProxy */;
		};
		55B4E30F1F1F59A3009DF7BA /* PBXTargetDependency */ = {
			isa = PBXTargetDependency;
			target = 55B4E2E81F1F59A3009DF7BA /* DayNews */;
			targetProxy = 55B4E30E1F1F59A3009DF7BA /* PBXContainerItemProxy */;
		};
/* End PBXTargetDependency section */

/* Begin XCBuildConfiguration section */
		55B4E3141F1F59A3009DF7BA /* Debug */ = {
			isa = XCBuildConfiguration;
			buildSettings = {
				ALWAYS_SEARCH_USER_PATHS = NO;
				CLANG_ANALYZER_NONNULL = YES;
				CLANG_ANALYZER_NUMBER_OBJECT_CONVERSION = YES_AGGRESSIVE;
				CLANG_CXX_LANGUAGE_STANDARD = "gnu++0x";
				CLANG_CXX_LIBRARY = "libc++";
				CLANG_ENABLE_MODULES = YES;
				CLANG_ENABLE_OBJC_ARC = YES;
				CLANG_WARN_BOOL_CONVERSION = YES;
				CLANG_WARN_CONSTANT_CONVERSION = YES;
				CLANG_WARN_DIRECT_OBJC_ISA_USAGE = YES_ERROR;
				CLANG_WARN_DOCUMENTATION_COMMENTS = YES;
				CLANG_WARN_EMPTY_BODY = YES;
				CLANG_WARN_ENUM_CONVERSION = YES;
				CLANG_WARN_INFINITE_RECURSION = YES;
				CLANG_WARN_INT_CONVERSION = YES;
				CLANG_WARN_OBJC_ROOT_CLASS = YES_ERROR;
				CLANG_WARN_SUSPICIOUS_MOVE = YES;
				CLANG_WARN_UNREACHABLE_CODE = YES;
				CLANG_WARN__DUPLICATE_METHOD_MATCH = YES;
				"CODE_SIGN_IDENTITY[sdk=iphoneos*]" = "iPhone Developer";
				COPY_PHASE_STRIP = NO;
				DEBUG_INFORMATION_FORMAT = dwarf;
				ENABLE_STRICT_OBJC_MSGSEND = YES;
				ENABLE_TESTABILITY = YES;
				GCC_C_LANGUAGE_STANDARD = gnu99;
				GCC_DYNAMIC_NO_PIC = NO;
				GCC_NO_COMMON_BLOCKS = YES;
				GCC_OPTIMIZATION_LEVEL = 0;
				GCC_PRECOMPILE_PREFIX_HEADER = NO;
				GCC_PREPROCESSOR_DEFINITIONS = (
					"DEBUG=1",
					"$(inherited)",
				);
				GCC_WARN_64_TO_32_BIT_CONVERSION = YES;
				GCC_WARN_ABOUT_RETURN_TYPE = YES_ERROR;
				GCC_WARN_UNDECLARED_SELECTOR = YES;
				GCC_WARN_UNINITIALIZED_AUTOS = YES_AGGRESSIVE;
				GCC_WARN_UNUSED_FUNCTION = YES;
				GCC_WARN_UNUSED_VARIABLE = YES;
				IPHONEOS_DEPLOYMENT_TARGET = 10.3;
				MTL_ENABLE_DEBUG_INFO = YES;
				ONLY_ACTIVE_ARCH = YES;
				SDKROOT = iphoneos;
			};
			name = Debug;
		};
		55B4E3151F1F59A3009DF7BA /* Release */ = {
			isa = XCBuildConfiguration;
			buildSettings = {
				ALWAYS_SEARCH_USER_PATHS = NO;
				CLANG_ANALYZER_NONNULL = YES;
				CLANG_ANALYZER_NUMBER_OBJECT_CONVERSION = YES_AGGRESSIVE;
				CLANG_CXX_LANGUAGE_STANDARD = "gnu++0x";
				CLANG_CXX_LIBRARY = "libc++";
				CLANG_ENABLE_MODULES = YES;
				CLANG_ENABLE_OBJC_ARC = YES;
				CLANG_WARN_BOOL_CONVERSION = YES;
				CLANG_WARN_CONSTANT_CONVERSION = YES;
				CLANG_WARN_DIRECT_OBJC_ISA_USAGE = YES_ERROR;
				CLANG_WARN_DOCUMENTATION_COMMENTS = YES;
				CLANG_WARN_EMPTY_BODY = YES;
				CLANG_WARN_ENUM_CONVERSION = YES;
				CLANG_WARN_INFINITE_RECURSION = YES;
				CLANG_WARN_INT_CONVERSION = YES;
				CLANG_WARN_OBJC_ROOT_CLASS = YES_ERROR;
				CLANG_WARN_SUSPICIOUS_MOVE = YES;
				CLANG_WARN_UNREACHABLE_CODE = YES;
				CLANG_WARN__DUPLICATE_METHOD_MATCH = YES;
				"CODE_SIGN_IDENTITY[sdk=iphoneos*]" = "iPhone Developer";
				COPY_PHASE_STRIP = NO;
				DEBUG_INFORMATION_FORMAT = "dwarf-with-dsym";
				ENABLE_NS_ASSERTIONS = NO;
				ENABLE_STRICT_OBJC_MSGSEND = YES;
				GCC_C_LANGUAGE_STANDARD = gnu99;
				GCC_NO_COMMON_BLOCKS = YES;
				GCC_PRECOMPILE_PREFIX_HEADER = NO;
				GCC_WARN_64_TO_32_BIT_CONVERSION = YES;
				GCC_WARN_ABOUT_RETURN_TYPE = YES_ERROR;
				GCC_WARN_UNDECLARED_SELECTOR = YES;
				GCC_WARN_UNINITIALIZED_AUTOS = YES_AGGRESSIVE;
				GCC_WARN_UNUSED_FUNCTION = YES;
				GCC_WARN_UNUSED_VARIABLE = YES;
				IPHONEOS_DEPLOYMENT_TARGET = 10.3;
				MTL_ENABLE_DEBUG_INFO = NO;
				SDKROOT = iphoneos;
				VALIDATE_PRODUCT = YES;
			};
			name = Release;
		};
		55B4E3171F1F59A3009DF7BA /* Debug */ = {
			isa = XCBuildConfiguration;
			baseConfigurationReference = FB89727612789098C3201C63 /* Pods-DayNews.debug.xcconfig */;
			buildSettings = {
				ASSETCATALOG_COMPILER_APPICON_NAME = AppIcon;
				ASSETCATALOG_COMPILER_LAUNCHIMAGE_NAME = LaunchImage;
				DEVELOPMENT_TEAM = 8346J36VY3;
				FRAMEWORK_SEARCH_PATHS = (
					"$(inherited)",
					"$(PROJECT_DIR)/DayNews/Lib/libraries/extends/QQSDK",
					"$(PROJECT_DIR)/DayNews/Lib/libraries",
				);
				GCC_PREFIX_HEADER = DayNews/PrefixHeader.pch;
				INFOPLIST_FILE = DayNews/Info.plist;
				IPHONEOS_DEPLOYMENT_TARGET = 8.0;
				LD_RUNPATH_SEARCH_PATHS = "$(inherited) @executable_path/Frameworks";
				LIBRARY_SEARCH_PATHS = (
					"$(inherited)",
					"$(PROJECT_DIR)/DayNews/Lib/HyphenateSDK/lib",
					"$(PROJECT_DIR)/DayNews/Lib/libraries/extends/SinaWeiboSDK",
					"$(PROJECT_DIR)/DayNews/Lib/libraries/extends/WeChatSDK",
				);
				PRODUCT_BUNDLE_IDENTIFIER = com.test.qiqi.DayNews;
				PRODUCT_NAME = "$(TARGET_NAME)";
			};
			name = Debug;
		};
		55B4E3181F1F59A3009DF7BA /* Release */ = {
			isa = XCBuildConfiguration;
			baseConfigurationReference = 362FEBC9DF534E86E2114BD0 /* Pods-DayNews.release.xcconfig */;
			buildSettings = {
				ASSETCATALOG_COMPILER_APPICON_NAME = AppIcon;
				ASSETCATALOG_COMPILER_LAUNCHIMAGE_NAME = LaunchImage;
				DEVELOPMENT_TEAM = 8346J36VY3;
				FRAMEWORK_SEARCH_PATHS = (
					"$(inherited)",
					"$(PROJECT_DIR)/DayNews/Lib/libraries/extends/QQSDK",
					"$(PROJECT_DIR)/DayNews/Lib/libraries",
				);
				GCC_PREFIX_HEADER = DayNews/PrefixHeader.pch;
				INFOPLIST_FILE = DayNews/Info.plist;
				IPHONEOS_DEPLOYMENT_TARGET = 8.0;
				LD_RUNPATH_SEARCH_PATHS = "$(inherited) @executable_path/Frameworks";
				LIBRARY_SEARCH_PATHS = (
					"$(inherited)",
					"$(PROJECT_DIR)/DayNews/Lib/HyphenateSDK/lib",
					"$(PROJECT_DIR)/DayNews/Lib/libraries/extends/SinaWeiboSDK",
					"$(PROJECT_DIR)/DayNews/Lib/libraries/extends/WeChatSDK",
				);
				PRODUCT_BUNDLE_IDENTIFIER = com.test.qiqi.DayNews;
				PRODUCT_NAME = "$(TARGET_NAME)";
			};
			name = Release;
		};
		55B4E31A1F1F59A3009DF7BA /* Debug */ = {
			isa = XCBuildConfiguration;
			buildSettings = {
				BUNDLE_LOADER = "$(TEST_HOST)";
				INFOPLIST_FILE = DayNewsTests/Info.plist;
				LD_RUNPATH_SEARCH_PATHS = "$(inherited) @executable_path/Frameworks @loader_path/Frameworks";
				PRODUCT_BUNDLE_IDENTIFIER = com.test.qiqi.DayNewsTests;
				PRODUCT_NAME = "$(TARGET_NAME)";
				TEST_HOST = "$(BUILT_PRODUCTS_DIR)/DayNews.app/DayNews";
			};
			name = Debug;
		};
		55B4E31B1F1F59A3009DF7BA /* Release */ = {
			isa = XCBuildConfiguration;
			buildSettings = {
				BUNDLE_LOADER = "$(TEST_HOST)";
				INFOPLIST_FILE = DayNewsTests/Info.plist;
				LD_RUNPATH_SEARCH_PATHS = "$(inherited) @executable_path/Frameworks @loader_path/Frameworks";
				PRODUCT_BUNDLE_IDENTIFIER = com.test.qiqi.DayNewsTests;
				PRODUCT_NAME = "$(TARGET_NAME)";
				TEST_HOST = "$(BUILT_PRODUCTS_DIR)/DayNews.app/DayNews";
			};
			name = Release;
		};
		55B4E31D1F1F59A3009DF7BA /* Debug */ = {
			isa = XCBuildConfiguration;
			buildSettings = {
				INFOPLIST_FILE = DayNewsUITests/Info.plist;
				LD_RUNPATH_SEARCH_PATHS = "$(inherited) @executable_path/Frameworks @loader_path/Frameworks";
				PRODUCT_BUNDLE_IDENTIFIER = com.test.qiqi.DayNewsUITests;
				PRODUCT_NAME = "$(TARGET_NAME)";
				TEST_TARGET_NAME = DayNews;
			};
			name = Debug;
		};
		55B4E31E1F1F59A3009DF7BA /* Release */ = {
			isa = XCBuildConfiguration;
			buildSettings = {
				INFOPLIST_FILE = DayNewsUITests/Info.plist;
				LD_RUNPATH_SEARCH_PATHS = "$(inherited) @executable_path/Frameworks @loader_path/Frameworks";
				PRODUCT_BUNDLE_IDENTIFIER = com.test.qiqi.DayNewsUITests;
				PRODUCT_NAME = "$(TARGET_NAME)";
				TEST_TARGET_NAME = DayNews;
			};
			name = Release;
		};
/* End XCBuildConfiguration section */

/* Begin XCConfigurationList section */
		55B4E2E41F1F59A3009DF7BA /* Build configuration list for PBXProject "DayNews" */ = {
			isa = XCConfigurationList;
			buildConfigurations = (
				55B4E3141F1F59A3009DF7BA /* Debug */,
				55B4E3151F1F59A3009DF7BA /* Release */,
			);
			defaultConfigurationIsVisible = 0;
			defaultConfigurationName = Release;
		};
		55B4E3161F1F59A3009DF7BA /* Build configuration list for PBXNativeTarget "DayNews" */ = {
			isa = XCConfigurationList;
			buildConfigurations = (
				55B4E3171F1F59A3009DF7BA /* Debug */,
				55B4E3181F1F59A3009DF7BA /* Release */,
			);
			defaultConfigurationIsVisible = 0;
			defaultConfigurationName = Release;
		};
		55B4E3191F1F59A3009DF7BA /* Build configuration list for PBXNativeTarget "DayNewsTests" */ = {
			isa = XCConfigurationList;
			buildConfigurations = (
				55B4E31A1F1F59A3009DF7BA /* Debug */,
				55B4E31B1F1F59A3009DF7BA /* Release */,
			);
			defaultConfigurationIsVisible = 0;
			defaultConfigurationName = Release;
		};
		55B4E31C1F1F59A3009DF7BA /* Build configuration list for PBXNativeTarget "DayNewsUITests" */ = {
			isa = XCConfigurationList;
			buildConfigurations = (
				55B4E31D1F1F59A3009DF7BA /* Debug */,
				55B4E31E1F1F59A3009DF7BA /* Release */,
			);
			defaultConfigurationIsVisible = 0;
			defaultConfigurationName = Release;
		};
/* End XCConfigurationList section */
	};
	rootObject = 55B4E2E11F1F59A3009DF7BA /* Project object */;
}
